
Microsoft Visual Studio Solution File, Format Version 12.00
# Visual Studio Version 17
VisualStudioVersion = 17.9.34616.47
MinimumVisualStudioVersion = 10.0.40219.1
Project("{9A19103F-16F7-4668-BE54-9A1E7A4F7556}") = "Send", "Send\Send.csproj", "{5C0CFD0E-C19D-407B-93B8-A8459E31424E}"
EndProject
Project("{9A19103F-16F7-4668-BE54-9A1E7A4F7556}") = "Receive", "Receive\Receive.csproj", "{70025C69-458C-47E1-B4AA-667049B8ED66}"
EndProject
Project("{9A19103F-16F7-4668-BE54-9A1E7A4F7556}") = "NewTask", "NewTask\NewTask.csproj", "{276575F0-FCDA-4D93-9BE0-41E748DC2B39}"
EndProject
Project("{9A19103F-16F7-4668-BE54-9A1E7A4F7556}") = "Worker", "Worker\Worker.csproj", "{7747792C-1329-402F-A622-50319D746940}"
EndProject
Project("{9A19103F-16F7-4668-BE54-9A1E7A4F7556}") = "ReceiveLogs", "ReceiveLogs\ReceiveLogs.csproj", "{17B9F8DB-B33A-4FAF-94CD-85017936BDC3}"
EndProject
Project("{9A19103F-16F7-4668-BE54-9A1E7A4F7556}") = "EmitLogs", "EmitLogs\EmitLogs.csproj", "{B1CC12F9-7419-42F9-8652-96E820F66EAD}"
EndProject
Project("{9A19103F-16F7-4668-BE54-9A1E7A4F7556}") = "EmitLogDirect", "EmitLogDirect\EmitLogDirect.csproj", "{AED62A06-61CA-4B12-A54C-F1631E56F365}"
EndProject
Project("{9A19103F-16F7-4668-BE54-9A1E7A4F7556}") = "ReceiveLogsDirect", "ReceiveLogsDirect\ReceiveLogsDirect.csproj", "{525BAC7B-4393-48CE-8E5B-89A5BD456F6B}"
EndProject
Project("{FAE04EC0-301F-11D3-BF4B-00C04F79EFBC}") = "EmitLogTopic", "EmitLogTopic\EmitLogTopic.csproj", "{882A1D2D-8854-4240-AAB7-7E60A7EE7360}"
EndProject
Project("{FAE04EC0-301F-11D3-BF4B-00C04F79EFBC}") = "ReceiveLogsTopic", "ReceiveLogsTopic\ReceiveLogsTopic.csproj", "{B404F20D-F509-4CA9-80AB-3EA9FA51DA31}"
EndProject
Project("{FAE04EC0-301F-11D3-BF4B-00C04F79EFBC}") = "RPCClient", "RpcClient\RPCClient.csproj", "{99E46253-1265-46B0-8658-E647F4ED14F4}"
EndProject
Project("{FAE04EC0-301F-11D3-BF4B-00C04F79EFBC}") = "RPCServer", "RPCServer\RPCServer.csproj", "{81D95E5A-4FC2-4D32-AA52-29CBEA5E173C}"
EndProject
Project("{2150E333-8FDC-42A3-9474-1A3956D46DE8}") = "RPC", "RPC", "{55287742-8292-4635-8687-82B7D1ED80D6}"
EndProject
Project("{2150E333-8FDC-42A3-9474-1A3956D46DE8}") = "HelloWorld", "HelloWorld", "{C8B15CAA-1641-49E4-B5ED-60C9DA492FAF}"
EndProject
Project("{2150E333-8FDC-42A3-9474-1A3956D46DE8}") = "Queues", "Queues", "{B21544A1-77D4-4AEA-BC8D-A6B7B4B3B97B}"
EndProject
Project("{2150E333-8FDC-42A3-9474-1A3956D46DE8}") = "Subscribe", "Subscribe", "{ACF7398A-2A54-4096-BBBF-ABE0B49797A3}"
EndProject
Project("{2150E333-8FDC-42A3-9474-1A3956D46DE8}") = "Routing", "Routing", "{0F1C08A9-DBE6-4973-A01F-02909B8F4FFE}"
EndProject
Project("{2150E333-8FDC-42A3-9474-1A3956D46DE8}") = "Topics", "Topics", "{458BFBD9-E30E-4DE1-BD2B-D27D626A700D}"
EndProject
Project("{2150E333-8FDC-42A3-9474-1A3956D46DE8}") = "PublisherConfirms", "PublisherConfirms", "{391EC76B-7B5B-4576-961B-4E71E90EC301}"
EndProject
Project("{FAE04EC0-301F-11D3-BF4B-00C04F79EFBC}") = "PublisherConfirms", "PublisherConfirms\PublisherConfirms.csproj", "{0F8657C8-5C25-48E1-83EA-5217C8F805F0}"
EndProject
Global
	GlobalSection(SolutionConfigurationPlatforms) = preSolution
		Debug|Any CPU = Debug|Any CPU
		Release|Any CPU = Release|Any CPU
	EndGlobalSection
	GlobalSection(ProjectConfigurationPlatforms) = postSolution
		{5C0CFD0E-C19D-407B-93B8-A8459E31424E}.Debug|Any CPU.ActiveCfg = Debug|Any CPU
		{5C0CFD0E-C19D-407B-93B8-A8459E31424E}.Debug|Any CPU.Build.0 = Debug|Any CPU
		{5C0CFD0E-C19D-407B-93B8-A8459E31424E}.Release|Any CPU.ActiveCfg = Release|Any CPU
		{5C0CFD0E-C19D-407B-93B8-A8459E31424E}.Release|Any CPU.Build.0 = Release|Any CPU
		{70025C69-458C-47E1-B4AA-667049B8ED66}.Debug|Any CPU.ActiveCfg = Debug|Any CPU
		{70025C69-458C-47E1-B4AA-667049B8ED66}.Debug|Any CPU.Build.0 = Debug|Any CPU
		{70025C69-458C-47E1-B4AA-667049B8ED66}.Release|Any CPU.ActiveCfg = Release|Any CPU
		{70025C69-458C-47E1-B4AA-667049B8ED66}.Release|Any CPU.Build.0 = Release|Any CPU
		{276575F0-FCDA-4D93-9BE0-41E748DC2B39}.Debug|Any CPU.ActiveCfg = Debug|Any CPU
		{276575F0-FCDA-4D93-9BE0-41E748DC2B39}.Debug|Any CPU.Build.0 = Debug|Any CPU
		{276575F0-FCDA-4D93-9BE0-41E748DC2B39}.Release|Any CPU.ActiveCfg = Release|Any CPU
		{276575F0-FCDA-4D93-9BE0-41E748DC2B39}.Release|Any CPU.Build.0 = Release|Any CPU
		{7747792C-1329-402F-A622-50319D746940}.Debug|Any CPU.ActiveCfg = Debug|Any CPU
		{7747792C-1329-402F-A622-50319D746940}.Debug|Any CPU.Build.0 = Debug|Any CPU
		{7747792C-1329-402F-A622-50319D746940}.Release|Any CPU.ActiveCfg = Release|Any CPU
		{7747792C-1329-402F-A622-50319D746940}.Release|Any CPU.Build.0 = Release|Any CPU
		{17B9F8DB-B33A-4FAF-94CD-85017936BDC3}.Debug|Any CPU.ActiveCfg = Debug|Any CPU
		{17B9F8DB-B33A-4FAF-94CD-85017936BDC3}.Debug|Any CPU.Build.0 = Debug|Any CPU
		{17B9F8DB-B33A-4FAF-94CD-85017936BDC3}.Release|Any CPU.ActiveCfg = Release|Any CPU
		{17B9F8DB-B33A-4FAF-94CD-85017936BDC3}.Release|Any CPU.Build.0 = Release|Any CPU
		{B1CC12F9-7419-42F9-8652-96E820F66EAD}.Debug|Any CPU.ActiveCfg = Debug|Any CPU
		{B1CC12F9-7419-42F9-8652-96E820F66EAD}.Debug|Any CPU.Build.0 = Debug|Any CPU
		{B1CC12F9-7419-42F9-8652-96E820F66EAD}.Release|Any CPU.ActiveCfg = Release|Any CPU
		{B1CC12F9-7419-42F9-8652-96E820F66EAD}.Release|Any CPU.Build.0 = Release|Any CPU
		{AED62A06-61CA-4B12-A54C-F1631E56F365}.Debug|Any CPU.ActiveCfg = Debug|Any CPU
		{AED62A06-61CA-4B12-A54C-F1631E56F365}.Debug|Any CPU.Build.0 = Debug|Any CPU
		{AED62A06-61CA-4B12-A54C-F1631E56F365}.Release|Any CPU.ActiveCfg = Release|Any CPU
		{AED62A06-61CA-4B12-A54C-F1631E56F365}.Release|Any CPU.Build.0 = Release|Any CPU
		{525BAC7B-4393-48CE-8E5B-89A5BD456F6B}.Debug|Any CPU.ActiveCfg = Debug|Any CPU
		{525BAC7B-4393-48CE-8E5B-89A5BD456F6B}.Debug|Any CPU.Build.0 = Debug|Any CPU
		{525BAC7B-4393-48CE-8E5B-89A5BD456F6B}.Release|Any CPU.ActiveCfg = Release|Any CPU
		{525BAC7B-4393-48CE-8E5B-89A5BD456F6B}.Release|Any CPU.Build.0 = Release|Any CPU
		{882A1D2D-8854-4240-AAB7-7E60A7EE7360}.Debug|Any CPU.ActiveCfg = Debug|Any CPU
		{882A1D2D-8854-4240-AAB7-7E60A7EE7360}.Debug|Any CPU.Build.0 = Debug|Any CPU
		{882A1D2D-8854-4240-AAB7-7E60A7EE7360}.Release|Any CPU.ActiveCfg = Release|Any CPU
		{882A1D2D-8854-4240-AAB7-7E60A7EE7360}.Release|Any CPU.Build.0 = Release|Any CPU
		{B404F20D-F509-4CA9-80AB-3EA9FA51DA31}.Debug|Any CPU.ActiveCfg = Debug|Any CPU
		{B404F20D-F509-4CA9-80AB-3EA9FA51DA31}.Debug|Any CPU.Build.0 = Debug|Any CPU
		{B404F20D-F509-4CA9-80AB-3EA9FA51DA31}.Release|Any CPU.ActiveCfg = Release|Any CPU
		{B404F20D-F509-4CA9-80AB-3EA9FA51DA31}.Release|Any CPU.Build.0 = Release|Any CPU
		{99E46253-1265-46B0-8658-E647F4ED14F4}.Debug|Any CPU.ActiveCfg = Debug|Any CPU
		{99E46253-1265-46B0-8658-E647F4ED14F4}.Debug|Any CPU.Build.0 = Debug|Any CPU
		{99E46253-1265-46B0-8658-E647F4ED14F4}.Release|Any CPU.ActiveCfg = Release|Any CPU
		{99E46253-1265-46B0-8658-E647F4ED14F4}.Release|Any CPU.Build.0 = Release|Any CPU
		{81D95E5A-4FC2-4D32-AA52-29CBEA5E173C}.Debug|Any CPU.ActiveCfg = Debug|Any CPU
		{81D95E5A-4FC2-4D32-AA52-29CBEA5E173C}.Debug|Any CPU.Build.0 = Debug|Any CPU
		{81D95E5A-4FC2-4D32-AA52-29CBEA5E173C}.Release|Any CPU.ActiveCfg = Release|Any CPU
		{81D95E5A-4FC2-4D32-AA52-29CBEA5E173C}.Release|Any CPU.Build.0 = Release|Any CPU
		{0F8657C8-5C25-48E1-83EA-5217C8F805F0}.Debug|Any CPU.ActiveCfg = Debug|Any CPU
		{0F8657C8-5C25-48E1-83EA-5217C8F805F0}.Debug|Any CPU.Build.0 = Debug|Any CPU
		{0F8657C8-5C25-48E1-83EA-5217C8F805F0}.Release|Any CPU.ActiveCfg = Release|Any CPU
		{0F8657C8-5C25-48E1-83EA-5217C8F805F0}.Release|Any CPU.Build.0 = Release|Any CPU
	EndGlobalSection
	GlobalSection(SolutionProperties) = preSolution
		HideSolutionNode = FALSE
	EndGlobalSection
	GlobalSection(NestedProjects) = preSolution
		{5C0CFD0E-C19D-407B-93B8-A8459E31424E} = {C8B15CAA-1641-49E4-B5ED-60C9DA492FAF}
		{70025C69-458C-47E1-B4AA-667049B8ED66} = {C8B15CAA-1641-49E4-B5ED-60C9DA492FAF}
		{276575F0-FCDA-4D93-9BE0-41E748DC2B39} = {B21544A1-77D4-4AEA-BC8D-A6B7B4B3B97B}
		{7747792C-1329-402F-A622-50319D746940} = {B21544A1-77D4-4AEA-BC8D-A6B7B4B3B97B}
		{17B9F8DB-B33A-4FAF-94CD-85017936BDC3} = {ACF7398A-2A54-4096-BBBF-ABE0B49797A3}
		{B1CC12F9-7419-42F9-8652-96E820F66EAD} = {ACF7398A-2A54-4096-BBBF-ABE0B49797A3}
		{AED62A06-61CA-4B12-A54C-F1631E56F365} = {0F1C08A9-DBE6-4973-A01F-02909B8F4FFE}
		{525BAC7B-4393-48CE-8E5B-89A5BD456F6B} = {0F1C08A9-DBE6-4973-A01F-02909B8F4FFE}
		{882A1D2D-8854-4240-AAB7-7E60A7EE7360} = {458BFBD9-E30E-4DE1-BD2B-D27D626A700D}
		{B404F20D-F509-4CA9-80AB-3EA9FA51DA31} = {458BFBD9-E30E-4DE1-BD2B-D27D626A700D}
		{99E46253-1265-46B0-8658-E647F4ED14F4} = {55287742-8292-4635-8687-82B7D1ED80D6}
		{81D95E5A-4FC2-4D32-AA52-29CBEA5E173C} = {55287742-8292-4635-8687-82B7D1ED80D6}
		{0F8657C8-5C25-48E1-83EA-5217C8F805F0} = {391EC76B-7B5B-4576-961B-4E71E90EC301}
	EndGlobalSection
	GlobalSection(ExtensibilityGlobals) = postSolution
		SolutionGuid = {E98C7FC2-9513-4B02-9C3B-7153CAB9CC36}
	EndGlobalSection
EndGlobal
